
Microsoft Visual Studio Solution File, Format Version 12.00
# Visual Studio Version 17
VisualStudioVersion = 17.7.34031.279
MinimumVisualStudioVersion = 10.0.40219.1
Project("{9A19103F-16F7-4668-BE54-9A1E7A4F7556}") = "SSO.Business", "SSO.Business\SSO.Business.csproj", "{FC6666C1-4201-4E0D-8F82-C8CF17CD2594}"
EndProject
Project("{2150E333-8FDC-42A3-9474-1A3956D46DE8}") = "Application", "Application", "{9DA30341-B87B-426C-8782-5F025275621C}"
EndProject
Project("{2150E333-8FDC-42A3-9474-1A3956D46DE8}") = "Domain", "Domain", "{EBC5C63E-D7FB-4D64-B85F-5CD5B739EAAD}"
EndProject
Project("{2150E333-8FDC-42A3-9474-1A3956D46DE8}") = "Infrastructure", "Infrastructure", "{78213346-AF3E-4D9C-B07F-698FFD328835}"
EndProject
Project("{2150E333-8FDC-42A3-9474-1A3956D46DE8}") = "Presentation", "Presentation", "{9CCDC735-E232-4032-AD16-E558D79CCCEC}"
EndProject
Project("{9A19103F-16F7-4668-BE54-9A1E7A4F7556}") = "SSO.Domain", "SSO.Domain\SSO.Domain.csproj", "{0B88FD78-0F85-482B-896B-7DB4B61CB2F2}"
EndProject
Project("{9A19103F-16F7-4668-BE54-9A1E7A4F7556}") = "SSO.Infrastructure", "SSO.Infrastructure\SSO.Infrastructure.csproj", "{DA2CA364-5B95-4CAA-9A8D-E6075DE5F022}"
EndProject
Project("{9A19103F-16F7-4668-BE54-9A1E7A4F7556}") = "SSO.Infrastructure.Authentication", "SSO.Infrastructure.Authentication\SSO.Infrastructure.Authentication.csproj", "{2AFB1C75-3178-40E5-9600-818C06C114D7}"
EndProject
Project("{9A19103F-16F7-4668-BE54-9A1E7A4F7556}") = "SSO.Infrastructure.Management", "SSO.Infrastructure.Management\SSO.Infrastructure.Management.csproj", "{BC9F771F-349D-4C96-807F-541B887E6606}"
EndProject
Project("{9A19103F-16F7-4668-BE54-9A1E7A4F7556}") = "SSO.Domain.Authentication", "SSO.Domain.Authentication\SSO.Domain.Authentication.csproj", "{BE785E47-C25C-490A-A836-C36FE5B47F64}"
EndProject
Project("{9A19103F-16F7-4668-BE54-9A1E7A4F7556}") = "SSO.Domain.Management", "SSO.Domain.Management\SSO.Domain.Management.csproj", "{1EFF4F28-CE5D-43E5-AABF-C7888CB5AA69}"
EndProject
Project("{9A19103F-16F7-4668-BE54-9A1E7A4F7556}") = "SSO.Infrastructure.Settings", "SSO.Infrastructure.Settings\SSO.Infrastructure.Settings.csproj", "{1BA2202A-CC55-423A-BE73-BB2810898F00}"
EndProject
Project("{9A19103F-16F7-4668-BE54-9A1E7A4F7556}") = "SSO", "SSO\SSO.csproj", "{B005A6D3-9053-4015-8A45-682E789012DC}"
EndProject
Global
	GlobalSection(SolutionConfigurationPlatforms) = preSolution
		Debug|Any CPU = Debug|Any CPU
		Release|Any CPU = Release|Any CPU
	EndGlobalSection
	GlobalSection(ProjectConfigurationPlatforms) = postSolution
		{FC6666C1-4201-4E0D-8F82-C8CF17CD2594}.Debug|Any CPU.ActiveCfg = Debug|Any CPU
		{FC6666C1-4201-4E0D-8F82-C8CF17CD2594}.Debug|Any CPU.Build.0 = Debug|Any CPU
		{FC6666C1-4201-4E0D-8F82-C8CF17CD2594}.Release|Any CPU.ActiveCfg = Release|Any CPU
		{FC6666C1-4201-4E0D-8F82-C8CF17CD2594}.Release|Any CPU.Build.0 = Release|Any CPU
		{0B88FD78-0F85-482B-896B-7DB4B61CB2F2}.Debug|Any CPU.ActiveCfg = Debug|Any CPU
		{0B88FD78-0F85-482B-896B-7DB4B61CB2F2}.Debug|Any CPU.Build.0 = Debug|Any CPU
		{0B88FD78-0F85-482B-896B-7DB4B61CB2F2}.Release|Any CPU.ActiveCfg = Release|Any CPU
		{0B88FD78-0F85-482B-896B-7DB4B61CB2F2}.Release|Any CPU.Build.0 = Release|Any CPU
		{DA2CA364-5B95-4CAA-9A8D-E6075DE5F022}.Debug|Any CPU.ActiveCfg = Debug|Any CPU
		{DA2CA364-5B95-4CAA-9A8D-E6075DE5F022}.Debug|Any CPU.Build.0 = Debug|Any CPU
		{DA2CA364-5B95-4CAA-9A8D-E6075DE5F022}.Release|Any CPU.ActiveCfg = Release|Any CPU
		{DA2CA364-5B95-4CAA-9A8D-E6075DE5F022}.Release|Any CPU.Build.0 = Release|Any CPU
		{2AFB1C75-3178-40E5-9600-818C06C114D7}.Debug|Any CPU.ActiveCfg = Debug|Any CPU
		{2AFB1C75-3178-40E5-9600-818C06C114D7}.Debug|Any CPU.Build.0 = Debug|Any CPU
		{2AFB1C75-3178-40E5-9600-818C06C114D7}.Release|Any CPU.ActiveCfg = Release|Any CPU
		{2AFB1C75-3178-40E5-9600-818C06C114D7}.Release|Any CPU.Build.0 = Release|Any CPU
		{BC9F771F-349D-4C96-807F-541B887E6606}.Debug|Any CPU.ActiveCfg = Debug|Any CPU
		{BC9F771F-349D-4C96-807F-541B887E6606}.Debug|Any CPU.Build.0 = Debug|Any CPU
		{BC9F771F-349D-4C96-807F-541B887E6606}.Release|Any CPU.ActiveCfg = Release|Any CPU
		{BC9F771F-349D-4C96-807F-541B887E6606}.Release|Any CPU.Build.0 = Release|Any CPU
		{BE785E47-C25C-490A-A836-C36FE5B47F64}.Debug|Any CPU.ActiveCfg = Debug|Any CPU
		{BE785E47-C25C-490A-A836-C36FE5B47F64}.Debug|Any CPU.Build.0 = Debug|Any CPU
		{BE785E47-C25C-490A-A836-C36FE5B47F64}.Release|Any CPU.ActiveCfg = Release|Any CPU
		{BE785E47-C25C-490A-A836-C36FE5B47F64}.Release|Any CPU.Build.0 = Release|Any CPU
		{1EFF4F28-CE5D-43E5-AABF-C7888CB5AA69}.Debug|Any CPU.ActiveCfg = Debug|Any CPU
		{1EFF4F28-CE5D-43E5-AABF-C7888CB5AA69}.Debug|Any CPU.Build.0 = Debug|Any CPU
		{1EFF4F28-CE5D-43E5-AABF-C7888CB5AA69}.Release|Any CPU.ActiveCfg = Release|Any CPU
		{1EFF4F28-CE5D-43E5-AABF-C7888CB5AA69}.Release|Any CPU.Build.0 = Release|Any CPU
		{1BA2202A-CC55-423A-BE73-BB2810898F00}.Debug|Any CPU.ActiveCfg = Debug|Any CPU
		{1BA2202A-CC55-423A-BE73-BB2810898F00}.Debug|Any CPU.Build.0 = Debug|Any CPU
		{1BA2202A-CC55-423A-BE73-BB2810898F00}.Release|Any CPU.ActiveCfg = Release|Any CPU
		{1BA2202A-CC55-423A-BE73-BB2810898F00}.Release|Any CPU.Build.0 = Release|Any CPU
		{B005A6D3-9053-4015-8A45-682E789012DC}.Debug|Any CPU.ActiveCfg = Debug|Any CPU
		{B005A6D3-9053-4015-8A45-682E789012DC}.Debug|Any CPU.Build.0 = Debug|Any CPU
		{B005A6D3-9053-4015-8A45-682E789012DC}.Release|Any CPU.ActiveCfg = Release|Any CPU
		{B005A6D3-9053-4015-8A45-682E789012DC}.Release|Any CPU.Build.0 = Release|Any CPU
	EndGlobalSection
	GlobalSection(SolutionProperties) = preSolution
		HideSolutionNode = FALSE
	EndGlobalSection
	GlobalSection(NestedProjects) = preSolution
		{FC6666C1-4201-4E0D-8F82-C8CF17CD2594} = {9DA30341-B87B-426C-8782-5F025275621C}
		{0B88FD78-0F85-482B-896B-7DB4B61CB2F2} = {EBC5C63E-D7FB-4D64-B85F-5CD5B739EAAD}
		{DA2CA364-5B95-4CAA-9A8D-E6075DE5F022} = {78213346-AF3E-4D9C-B07F-698FFD328835}
		{2AFB1C75-3178-40E5-9600-818C06C114D7} = {78213346-AF3E-4D9C-B07F-698FFD328835}
		{BC9F771F-349D-4C96-807F-541B887E6606} = {78213346-AF3E-4D9C-B07F-698FFD328835}
		{BE785E47-C25C-490A-A836-C36FE5B47F64} = {EBC5C63E-D7FB-4D64-B85F-5CD5B739EAAD}
		{1EFF4F28-CE5D-43E5-AABF-C7888CB5AA69} = {EBC5C63E-D7FB-4D64-B85F-5CD5B739EAAD}
		{1BA2202A-CC55-423A-BE73-BB2810898F00} = {78213346-AF3E-4D9C-B07F-698FFD328835}
		{B005A6D3-9053-4015-8A45-682E789012DC} = {9CCDC735-E232-4032-AD16-E558D79CCCEC}
	EndGlobalSection
	GlobalSection(ExtensibilityGlobals) = postSolution
		SolutionGuid = {FEACCE13-B4FB-4B39-96F8-77FAB0425877}
	EndGlobalSection
EndGlobal
